
Microsoft Visual Studio Solution File, Format Version 12.00
# Visual Studio Version 17
VisualStudioVersion = 17.8.34525.116
MinimumVisualStudioVersion = 10.0.40219.1
Project("{FAE04EC0-301F-11D3-BF4B-00C04F79EFBC}") = "Guia1PED", "Guia1PED\Guia1PED.csproj", "{B1784BC4-C852-4DFB-9FBB-8CB3162C2A4A}"
EndProject
Global
	GlobalSection(SolutionConfigurationPlatforms) = preSolution
		Debug|Any CPU = Debug|Any CPU
		Release|Any CPU = Release|Any CPU
	EndGlobalSection
	GlobalSection(ProjectConfigurationPlatforms) = postSolution
		{B1784BC4-C852-4DFB-9FBB-8CB3162C2A4A}.Debug|Any CPU.ActiveCfg = Debug|Any CPU
		{B1784BC4-C852-4DFB-9FBB-8CB3162C2A4A}.Debug|Any CPU.Build.0 = Debug|Any CPU
		{B1784BC4-C852-4DFB-9FBB-8CB3162C2A4A}.Release|Any CPU.ActiveCfg = Release|Any CPU
		{B1784BC4-C852-4DFB-9FBB-8CB3162C2A4A}.Release|Any CPU.Build.0 = Release|Any CPU
	EndGlobalSection
	GlobalSection(SolutionProperties) = preSolution
		HideSolutionNode = FALSE
	EndGlobalSection
	GlobalSection(ExtensibilityGlobals) = postSolution
		SolutionGuid = {EAF71B1F-C42A-41FF-9AD0-F345734EDBD3}
	EndGlobalSection
EndGlobal
